
Microsoft Visual Studio Solution File, Format Version 12.00
# Visual Studio Version 17
VisualStudioVersion = 17.5.33502.453
MinimumVisualStudioVersion = 10.0.40219.1
Project("{2150E333-8FDC-42A3-9474-1A3956D46DE8}") = "src", "src", "{5185C2FE-BC88-4EE6-B7DE-FE3C847228FF}"
EndProject
Project("{FAE04EC0-301F-11D3-BF4B-00C04F79EFBC}") = "WebScraper", "src\WebScraper\WebScraper.csproj", "{CBD12457-B4DF-40B5-B3C5-E5A3B8E97910}"
EndProject
Project("{FAE04EC0-301F-11D3-BF4B-00C04F79EFBC}") = "DataLayer", "src\DataLayer\DataLayer.csproj", "{25CF4180-CD72-4849-B980-701C27532AAF}"
EndProject
Global
	GlobalSection(SolutionConfigurationPlatforms) = preSolution
		Debug|Any CPU = Debug|Any CPU
		Release|Any CPU = Release|Any CPU
	EndGlobalSection
	GlobalSection(ProjectConfigurationPlatforms) = postSolution
		{CBD12457-B4DF-40B5-B3C5-E5A3B8E97910}.Debug|Any CPU.ActiveCfg = Debug|Any CPU
		{CBD12457-B4DF-40B5-B3C5-E5A3B8E97910}.Debug|Any CPU.Build.0 = Debug|Any CPU
		{CBD12457-B4DF-40B5-B3C5-E5A3B8E97910}.Release|Any CPU.ActiveCfg = Release|Any CPU
		{CBD12457-B4DF-40B5-B3C5-E5A3B8E97910}.Release|Any CPU.Build.0 = Release|Any CPU
		{25CF4180-CD72-4849-B980-701C27532AAF}.Debug|Any CPU.ActiveCfg = Debug|Any CPU
		{25CF4180-CD72-4849-B980-701C27532AAF}.Debug|Any CPU.Build.0 = Debug|Any CPU
		{25CF4180-CD72-4849-B980-701C27532AAF}.Release|Any CPU.ActiveCfg = Release|Any CPU
		{25CF4180-CD72-4849-B980-701C27532AAF}.Release|Any CPU.Build.0 = Release|Any CPU
	EndGlobalSection
	GlobalSection(SolutionProperties) = preSolution
		HideSolutionNode = FALSE
	EndGlobalSection
	GlobalSection(NestedProjects) = preSolution
		{CBD12457-B4DF-40B5-B3C5-E5A3B8E97910} = {5185C2FE-BC88-4EE6-B7DE-FE3C847228FF}
		{25CF4180-CD72-4849-B980-701C27532AAF} = {5185C2FE-BC88-4EE6-B7DE-FE3C847228FF}
	EndGlobalSection
	GlobalSection(ExtensibilityGlobals) = postSolution
		SolutionGuid = {99A53C86-D562-4DBC-9382-3C8B240D919E}
	EndGlobalSection
EndGlobal
